// !$*UTF8*$!
{
	archiveVersion = 1;
	classes = {
	};
	objectVersion = 56;
	objects = {

/* Begin PBXBuildFile section */
		3E0DAD5629BA6F2300D895E2 /* ProtocolResponse.swift in Sources */ = {isa = PBXBuildFile; fileRef = 3E0DAD5529BA6F2300D895E2 /* ProtocolResponse.swift */; };
		3E0DAD5829BA6FE700D895E2 /* LineDelimiterCodec.swift in Sources */ = {isa = PBXBuildFile; fileRef = 3E0DAD5729BA6FE700D895E2 /* LineDelimiterCodec.swift */; };
		3E5C41C3295B85EF009B9699 /* SinkPlayApp.swift in Sources */ = {isa = PBXBuildFile; fileRef = 3E5C41C2295B85EF009B9699 /* SinkPlayApp.swift */; };
		3E5C41C5295B85EF009B9699 /* ContentView.swift in Sources */ = {isa = PBXBuildFile; fileRef = 3E5C41C4295B85EF009B9699 /* ContentView.swift */; };
		3E5C41C7295B85F0009B9699 /* Assets.xcassets in Resources */ = {isa = PBXBuildFile; fileRef = 3E5C41C6295B85F0009B9699 /* Assets.xcassets */; };
		3E5C41CB295B85F0009B9699 /* Preview Assets.xcassets in Resources */ = {isa = PBXBuildFile; fileRef = 3E5C41CA295B85F0009B9699 /* Preview Assets.xcassets */; };
		3E5C41D3295B8683009B9699 /* AVKit.framework in Frameworks */ = {isa = PBXBuildFile; fileRef = 3E5C41D2295B8683009B9699 /* AVKit.framework */; };
		3E5C41D5295CD60F009B9699 /* AppState.swift in Sources */ = {isa = PBXBuildFile; fileRef = 3E5C41D4295CD60F009B9699 /* AppState.swift */; };
		3E5C41D8295F3E6B009B9699 /* NIO in Frameworks */ = {isa = PBXBuildFile; productRef = 3E5C41D7295F3E6B009B9699 /* NIO */; };
		3E5C41DA2962261D009B9699 /* SyncPlayHandler.swift in Sources */ = {isa = PBXBuildFile; fileRef = 3E5C41D92962261D009B9699 /* SyncPlayHandler.swift */; };
/* End PBXBuildFile section */

/* Begin PBXFileReference section */
		3E0DAD5529BA6F2300D895E2 /* ProtocolResponse.swift */ = {isa = PBXFileReference; lastKnownFileType = sourcecode.swift; path = ProtocolResponse.swift; sourceTree = "<group>"; };
		3E0DAD5729BA6FE700D895E2 /* LineDelimiterCodec.swift */ = {isa = PBXFileReference; lastKnownFileType = sourcecode.swift; path = LineDelimiterCodec.swift; sourceTree = "<group>"; };
		3E5C41BF295B85EF009B9699 /* SinkPlay.app */ = {isa = PBXFileReference; explicitFileType = wrapper.application; includeInIndex = 0; path = SinkPlay.app; sourceTree = BUILT_PRODUCTS_DIR; };
		3E5C41C2295B85EF009B9699 /* SinkPlayApp.swift */ = {isa = PBXFileReference; lastKnownFileType = sourcecode.swift; path = SinkPlayApp.swift; sourceTree = "<group>"; };
		3E5C41C4295B85EF009B9699 /* ContentView.swift */ = {isa = PBXFileReference; lastKnownFileType = sourcecode.swift; path = ContentView.swift; sourceTree = "<group>"; };
		3E5C41C6295B85F0009B9699 /* Assets.xcassets */ = {isa = PBXFileReference; lastKnownFileType = folder.assetcatalog; path = Assets.xcassets; sourceTree = "<group>"; };
		3E5C41C8295B85F0009B9699 /* SinkPlay.entitlements */ = {isa = PBXFileReference; lastKnownFileType = text.plist.entitlements; path = SinkPlay.entitlements; sourceTree = "<group>"; };
		3E5C41CA295B85F0009B9699 /* Preview Assets.xcassets */ = {isa = PBXFileReference; lastKnownFileType = folder.assetcatalog; path = "Preview Assets.xcassets"; sourceTree = "<group>"; };
		3E5C41D2295B8683009B9699 /* AVKit.framework */ = {isa = PBXFileReference; lastKnownFileType = wrapper.framework; name = AVKit.framework; path = Platforms/iPhoneOS.platform/Developer/SDKs/iPhoneOS16.1.sdk/System/Library/Frameworks/AVKit.framework; sourceTree = DEVELOPER_DIR; };
		3E5C41D4295CD60F009B9699 /* AppState.swift */ = {isa = PBXFileReference; lastKnownFileType = sourcecode.swift; path = AppState.swift; sourceTree = "<group>"; };
		3E5C41D92962261D009B9699 /* SyncPlayHandler.swift */ = {isa = PBXFileReference; lastKnownFileType = sourcecode.swift; path = SyncPlayHandler.swift; sourceTree = "<group>"; };
/* End PBXFileReference section */

/* Begin PBXFrameworksBuildPhase section */
		3E5C41BC295B85EF009B9699 /* Frameworks */ = {
			isa = PBXFrameworksBuildPhase;
			buildActionMask = 2147483647;
			files = (
				3E5C41D3295B8683009B9699 /* AVKit.framework in Frameworks */,
				3E5C41D8295F3E6B009B9699 /* NIO in Frameworks */,
			);
			runOnlyForDeploymentPostprocessing = 0;
		};
/* End PBXFrameworksBuildPhase section */

/* Begin PBXGroup section */
		3E5C41B6295B85EF009B9699 = {
			isa = PBXGroup;
			children = (
				3E5C41C1295B85EF009B9699 /* SinkPlay */,
				3E5C41C0295B85EF009B9699 /* Products */,
				3E5C41D1295B8683009B9699 /* Frameworks */,
			);
			sourceTree = "<group>";
		};
		3E5C41C0295B85EF009B9699 /* Products */ = {
			isa = PBXGroup;
			children = (
				3E5C41BF295B85EF009B9699 /* SinkPlay.app */,
			);
			name = Products;
			sourceTree = "<group>";
		};
		3E5C41C1295B85EF009B9699 /* SinkPlay */ = {
			isa = PBXGroup;
			children = (
				3E5C41C2295B85EF009B9699 /* SinkPlayApp.swift */,
				3E5C41C4295B85EF009B9699 /* ContentView.swift */,
				3E5C41C6295B85F0009B9699 /* Assets.xcassets */,
				3E5C41C8295B85F0009B9699 /* SinkPlay.entitlements */,
				3E5C41C9295B85F0009B9699 /* Preview Content */,
				3E5C41D4295CD60F009B9699 /* AppState.swift */,
				3E5C41D92962261D009B9699 /* SyncPlayHandler.swift */,
				3E0DAD5529BA6F2300D895E2 /* ProtocolResponse.swift */,
				3E0DAD5729BA6FE700D895E2 /* LineDelimiterCodec.swift */,
			);
			path = SinkPlay;
			sourceTree = "<group>";
		};
		3E5C41C9295B85F0009B9699 /* Preview Content */ = {
			isa = PBXGroup;
			children = (
				3E5C41CA295B85F0009B9699 /* Preview Assets.xcassets */,
			);
			path = "Preview Content";
			sourceTree = "<group>";
		};
		3E5C41D1295B8683009B9699 /* Frameworks */ = {
			isa = PBXGroup;
			children = (
				3E5C41D2295B8683009B9699 /* AVKit.framework */,
			);
			name = Frameworks;
			sourceTree = "<group>";
		};
/* End PBXGroup section */

/* Begin PBXNativeTarget section */
		3E5C41BE295B85EF009B9699 /* SinkPlay */ = {
			isa = PBXNativeTarget;
			buildConfigurationList = 3E5C41CE295B85F0009B9699 /* Build configuration list for PBXNativeTarget "SinkPlay" */;
			buildPhases = (
				3E5C41BB295B85EF009B9699 /* Sources */,
				3E5C41BC295B85EF009B9699 /* Frameworks */,
				3E5C41BD295B85EF009B9699 /* Resources */,
			);
			buildRules = (
			);
			dependencies = (
			);
			name = SinkPlay;
			packageProductDependencies = (
				3E5C41D7295F3E6B009B9699 /* NIO */,
			);
			productName = SinkPlay;
			productReference = 3E5C41BF295B85EF009B9699 /* SinkPlay.app */;
			productType = "com.apple.product-type.application";
		};
/* End PBXNativeTarget section */

/* Begin PBXProject section */
		3E5C41B7295B85EF009B9699 /* Project object */ = {
			isa = PBXProject;
			attributes = {
				BuildIndependentTargetsInParallel = 1;
				LastSwiftUpdateCheck = 1410;
				LastUpgradeCheck = 1410;
				TargetAttributes = {
					3E5C41BE295B85EF009B9699 = {
						CreatedOnToolsVersion = 14.1;
					};
				};
			};
			buildConfigurationList = 3E5C41BA295B85EF009B9699 /* Build configuration list for PBXProject "SinkPlay" */;
			compatibilityVersion = "Xcode 14.0";
			developmentRegion = en;
			hasScannedForEncodings = 0;
			knownRegions = (
				en,
				Base,
			);
			mainGroup = 3E5C41B6295B85EF009B9699;
			packageReferences = (
				3E5C41D6295F3E6B009B9699 /* XCRemoteSwiftPackageReference "swift-nio" */,
			);
			productRefGroup = 3E5C41C0295B85EF009B9699 /* Products */;
			projectDirPath = "";
			projectRoot = "";
			targets = (
				3E5C41BE295B85EF009B9699 /* SinkPlay */,
			);
		};
/* End PBXProject section */

/* Begin PBXResourcesBuildPhase section */
		3E5C41BD295B85EF009B9699 /* Resources */ = {
			isa = PBXResourcesBuildPhase;
			buildActionMask = 2147483647;
			files = (
				3E5C41CB295B85F0009B9699 /* Preview Assets.xcassets in Resources */,
				3E5C41C7295B85F0009B9699 /* Assets.xcassets in Resources */,
			);
			runOnlyForDeploymentPostprocessing = 0;
		};
/* End PBXResourcesBuildPhase section */

/* Begin PBXSourcesBuildPhase section */
		3E5C41BB295B85EF009B9699 /* Sources */ = {
			isa = PBXSourcesBuildPhase;
			buildActionMask = 2147483647;
			files = (
				3E0DAD5629BA6F2300D895E2 /* ProtocolResponse.swift in Sources */,
				3E5C41D5295CD60F009B9699 /* AppState.swift in Sources */,
				3E5C41DA2962261D009B9699 /* SyncPlayHandler.swift in Sources */,
				3E5C41C5295B85EF009B9699 /* ContentView.swift in Sources */,
				3E0DAD5829BA6FE700D895E2 /* LineDelimiterCodec.swift in Sources */,
				3E5C41C3295B85EF009B9699 /* SinkPlayApp.swift in Sources */,
			);
			runOnlyForDeploymentPostprocessing = 0;
		};
/* End PBXSourcesBuildPhase section */

/* Begin XCBuildConfiguration section */
		3E5C41CC295B85F0009B9699 /* Debug */ = {
			isa = XCBuildConfiguration;
			buildSettings = {
				ALWAYS_SEARCH_USER_PATHS = NO;
				CLANG_ANALYZER_NONNULL = YES;
				CLANG_ANALYZER_NUMBER_OBJECT_CONVERSION = YES_AGGRESSIVE;
				CLANG_CXX_LANGUAGE_STANDARD = "gnu++20";
				CLANG_ENABLE_MODULES = YES;
				CLANG_ENABLE_OBJC_ARC = YES;
				CLANG_ENABLE_OBJC_WEAK = YES;
				CLANG_WARN_BLOCK_CAPTURE_AUTORELEASING = YES;
				CLANG_WARN_BOOL_CONVERSION = YES;
				CLANG_WARN_COMMA = YES;
				CLANG_WARN_CONSTANT_CONVERSION = YES;
				CLANG_WARN_DEPRECATED_OBJC_IMPLEMENTATIONS = YES;
				CLANG_WARN_DIRECT_OBJC_ISA_USAGE = YES_ERROR;
				CLANG_WARN_DOCUMENTATION_COMMENTS = YES;
				CLANG_WARN_EMPTY_BODY = YES;
				CLANG_WARN_ENUM_CONVERSION = YES;
				CLANG_WARN_INFINITE_RECURSION = YES;
				CLANG_WARN_INT_CONVERSION = YES;
				CLANG_WARN_NON_LITERAL_NULL_CONVERSION = YES;
				CLANG_WARN_OBJC_IMPLICIT_RETAIN_SELF = YES;
				CLANG_WARN_OBJC_LITERAL_CONVERSION = YES;
				CLANG_WARN_OBJC_ROOT_CLASS = YES_ERROR;
				CLANG_WARN_QUOTED_INCLUDE_IN_FRAMEWORK_HEADER = YES;
				CLANG_WARN_RANGE_LOOP_ANALYSIS = YES;
				CLANG_WARN_STRICT_PROTOTYPES = YES;
				CLANG_WARN_SUSPICIOUS_MOVE = YES;
				CLANG_WARN_UNGUARDED_AVAILABILITY = YES_AGGRESSIVE;
				CLANG_WARN_UNREACHABLE_CODE = YES;
				CLANG_WARN__DUPLICATE_METHOD_MATCH = YES;
				COPY_PHASE_STRIP = NO;
				DEBUG_INFORMATION_FORMAT = dwarf;
				ENABLE_STRICT_OBJC_MSGSEND = YES;
				ENABLE_TESTABILITY = YES;
				GCC_C_LANGUAGE_STANDARD = gnu11;
				GCC_DYNAMIC_NO_PIC = NO;
				GCC_NO_COMMON_BLOCKS = YES;
				GCC_OPTIMIZATION_LEVEL = 0;
				GCC_PREPROCESSOR_DEFINITIONS = (
					"DEBUG=1",
					"$(inherited)",
				);
				GCC_WARN_64_TO_32_BIT_CONVERSION = YES;
				GCC_WARN_ABOUT_RETURN_TYPE = YES_ERROR;
				GCC_WARN_UNDECLARED_SELECTOR = YES;
				GCC_WARN_UNINITIALIZED_AUTOS = YES_AGGRESSIVE;
				GCC_WARN_UNUSED_FUNCTION = YES;
				GCC_WARN_UNUSED_VARIABLE = YES;
				MTL_ENABLE_DEBUG_INFO = INCLUDE_SOURCE;
				MTL_FAST_MATH = YES;
				ONLY_ACTIVE_ARCH = YES;
				SWIFT_ACTIVE_COMPILATION_CONDITIONS = DEBUG;
				SWIFT_OPTIMIZATION_LEVEL = "-Onone";
			};
			name = Debug;
		};
		3E5C41CD295B85F0009B9699 /* Release */ = {
			isa = XCBuildConfiguration;
			buildSettings = {
				ALWAYS_SEARCH_USER_PATHS = NO;
				CLANG_ANALYZER_NONNULL = YES;
				CLANG_ANALYZER_NUMBER_OBJECT_CONVERSION = YES_AGGRESSIVE;
				CLANG_CXX_LANGUAGE_STANDARD = "gnu++20";
				CLANG_ENABLE_MODULES = YES;
				CLANG_ENABLE_OBJC_ARC = YES;
				CLANG_ENABLE_OBJC_WEAK = YES;
				CLANG_WARN_BLOCK_CAPTURE_AUTORELEASING = YES;
				CLANG_WARN_BOOL_CONVERSION = YES;
				CLANG_WARN_COMMA = YES;
				CLANG_WARN_CONSTANT_CONVERSION = YES;
				CLANG_WARN_DEPRECATED_OBJC_IMPLEMENTATIONS = YES;
				CLANG_WARN_DIRECT_OBJC_ISA_USAGE = YES_ERROR;
				CLANG_WARN_DOCUMENTATION_COMMENTS = YES;
				CLANG_WARN_EMPTY_BODY = YES;
				CLANG_WARN_ENUM_CONVERSION = YES;
				CLANG_WARN_INFINITE_RECURSION = YES;
				CLANG_WARN_INT_CONVERSION = YES;
				CLANG_WARN_NON_LITERAL_NULL_CONVERSION = YES;
				CLANG_WARN_OBJC_IMPLICIT_RETAIN_SELF = YES;
				CLANG_WARN_OBJC_LITERAL_CONVERSION = YES;
				CLANG_WARN_OBJC_ROOT_CLASS = YES_ERROR;
				CLANG_WARN_QUOTED_INCLUDE_IN_FRAMEWORK_HEADER = YES;
				CLANG_WARN_RANGE_LOOP_ANALYSIS = YES;
				CLANG_WARN_STRICT_PROTOTYPES = YES;
				CLANG_WARN_SUSPICIOUS_MOVE = YES;
				CLANG_WARN_UNGUARDED_AVAILABILITY = YES_AGGRESSIVE;
				CLANG_WARN_UNREACHABLE_CODE = YES;
				CLANG_WARN__DUPLICATE_METHOD_MATCH = YES;
				COPY_PHASE_STRIP = NO;
				DEBUG_INFORMATION_FORMAT = "dwarf-with-dsym";
				ENABLE_NS_ASSERTIONS = NO;
				ENABLE_STRICT_OBJC_MSGSEND = YES;
				GCC_C_LANGUAGE_STANDARD = gnu11;
				GCC_NO_COMMON_BLOCKS = YES;
				GCC_WARN_64_TO_32_BIT_CONVERSION = YES;
				GCC_WARN_ABOUT_RETURN_TYPE = YES_ERROR;
				GCC_WARN_UNDECLARED_SELECTOR = YES;
				GCC_WARN_UNINITIALIZED_AUTOS = YES_AGGRESSIVE;
				GCC_WARN_UNUSED_FUNCTION = YES;
				GCC_WARN_UNUSED_VARIABLE = YES;
				MTL_ENABLE_DEBUG_INFO = NO;
				MTL_FAST_MATH = YES;
				SWIFT_COMPILATION_MODE = wholemodule;
				SWIFT_OPTIMIZATION_LEVEL = "-O";
			};
			name = Release;
		};
		3E5C41CF295B85F0009B9699 /* Debug */ = {
			isa = XCBuildConfiguration;
			buildSettings = {
				ASSETCATALOG_COMPILER_APPICON_NAME = AppIcon;
				ASSETCATALOG_COMPILER_GLOBAL_ACCENT_COLOR_NAME = AccentColor;
				CODE_SIGN_ENTITLEMENTS = SinkPlay/SinkPlay.entitlements;
				CODE_SIGN_STYLE = Automatic;
				CURRENT_PROJECT_VERSION = 1;
				DEVELOPMENT_ASSET_PATHS = "\"SinkPlay/Preview Content\"";
				DEVELOPMENT_TEAM = MZ6WW388VL;
				ENABLE_HARDENED_RUNTIME = YES;
				ENABLE_PREVIEWS = YES;
				GENERATE_INFOPLIST_FILE = YES;
				INFOPLIST_KEY_LSApplicationCategoryType = "public.app-category.video";
				"INFOPLIST_KEY_UIApplicationSceneManifest_Generation[sdk=iphoneos*]" = YES;
				"INFOPLIST_KEY_UIApplicationSceneManifest_Generation[sdk=iphonesimulator*]" = YES;
				"INFOPLIST_KEY_UIApplicationSupportsIndirectInputEvents[sdk=iphoneos*]" = YES;
				"INFOPLIST_KEY_UIApplicationSupportsIndirectInputEvents[sdk=iphonesimulator*]" = YES;
				"INFOPLIST_KEY_UILaunchScreen_Generation[sdk=iphoneos*]" = YES;
				"INFOPLIST_KEY_UILaunchScreen_Generation[sdk=iphonesimulator*]" = YES;
				"INFOPLIST_KEY_UIStatusBarStyle[sdk=iphoneos*]" = UIStatusBarStyleDefault;
				"INFOPLIST_KEY_UIStatusBarStyle[sdk=iphonesimulator*]" = UIStatusBarStyleDefault;
				INFOPLIST_KEY_UISupportedInterfaceOrientations_iPad = "UIInterfaceOrientationPortrait UIInterfaceOrientationPortraitUpsideDown UIInterfaceOrientationLandscapeLeft UIInterfaceOrientationLandscapeRight";
				INFOPLIST_KEY_UISupportedInterfaceOrientations_iPhone = "UIInterfaceOrientationPortrait UIInterfaceOrientationLandscapeLeft UIInterfaceOrientationLandscapeRight";
				IPHONEOS_DEPLOYMENT_TARGET = 16.1;
				LD_RUNPATH_SEARCH_PATHS = "@executable_path/Frameworks";
				"LD_RUNPATH_SEARCH_PATHS[sdk=macosx*]" = "@executable_path/../Frameworks";
				MACOSX_DEPLOYMENT_TARGET = 13.0;
				MARKETING_VERSION = 1.0;
				PRODUCT_BUNDLE_IDENTIFIER = info.cmpct.SinkPlay;
				PRODUCT_NAME = "$(TARGET_NAME)";
				SDKROOT = auto;
				SUPPORTED_PLATFORMS = "iphoneos iphonesimulator macosx";
				SWIFT_EMIT_LOC_STRINGS = YES;
				SWIFT_VERSION = 5.0;
				TARGETED_DEVICE_FAMILY = "1,2";
			};
			name = Debug;
		};
		3E5C41D0295B85F0009B9699 /* Release */ = {
			isa = XCBuildConfiguration;
			buildSettings = {
				ASSETCATALOG_COMPILER_APPICON_NAME = AppIcon;
				ASSETCATALOG_COMPILER_GLOBAL_ACCENT_COLOR_NAME = AccentColor;
				CODE_SIGN_ENTITLEMENTS = SinkPlay/SinkPlay.entitlements;
				CODE_SIGN_STYLE = Automatic;
				CURRENT_PROJECT_VERSION = 1;
				DEVELOPMENT_ASSET_PATHS = "\"SinkPlay/Preview Content\"";
				DEVELOPMENT_TEAM = MZ6WW388VL;
				ENABLE_HARDENED_RUNTIME = YES;
				ENABLE_PREVIEWS = YES;
				GENERATE_INFOPLIST_FILE = YES;
				INFOPLIST_KEY_LSApplicationCategoryType = "public.app-category.video";
				"INFOPLIST_KEY_UIApplicationSceneManifest_Generation[sdk=iphoneos*]" = YES;
				"INFOPLIST_KEY_UIApplicationSceneManifest_Generation[sdk=iphonesimulator*]" = YES;
				"INFOPLIST_KEY_UIApplicationSupportsIndirectInputEvents[sdk=iphoneos*]" = YES;
				"INFOPLIST_KEY_UIApplicationSupportsIndirectInputEvents[sdk=iphonesimulator*]" = YES;
				"INFOPLIST_KEY_UILaunchScreen_Generation[sdk=iphoneos*]" = YES;
				"INFOPLIST_KEY_UILaunchScreen_Generation[sdk=iphonesimulator*]" = YES;
				"INFOPLIST_KEY_UIStatusBarStyle[sdk=iphoneos*]" = UIStatusBarStyleDefault;
				"INFOPLIST_KEY_UIStatusBarStyle[sdk=iphonesimulator*]" = UIStatusBarStyleDefault;
				INFOPLIST_KEY_UISupportedInterfaceOrientations_iPad = "UIInterfaceOrientationPortrait UIInterfaceOrientationPortraitUpsideDown UIInterfaceOrientationLandscapeLeft UIInterfaceOrientationLandscapeRight";
				INFOPLIST_KEY_UISupportedInterfaceOrientations_iPhone = "UIInterfaceOrientationPortrait UIInterfaceOrientationLandscapeLeft UIInterfaceOrientationLandscapeRight";
				IPHONEOS_DEPLOYMENT_TARGET = 16.1;
				LD_RUNPATH_SEARCH_PATHS = "@executable_path/Frameworks";
				"LD_RUNPATH_SEARCH_PATHS[sdk=macosx*]" = "@executable_path/../Frameworks";
				MACOSX_DEPLOYMENT_TARGET = 13.0;
				MARKETING_VERSION = 1.0;
				PRODUCT_BUNDLE_IDENTIFIER = info.cmpct.SinkPlay;
				PRODUCT_NAME = "$(TARGET_NAME)";
				SDKROOT = auto;
				SUPPORTED_PLATFORMS = "iphoneos iphonesimulator macosx";
				SWIFT_EMIT_LOC_STRINGS = YES;
				SWIFT_VERSION = 5.0;
				TARGETED_DEVICE_FAMILY = "1,2";
			};
			name = Release;
		};
/* End XCBuildConfiguration section */

/* Begin XCConfigurationList section */
		3E5C41BA295B85EF009B9699 /* Build configuration list for PBXProject "SinkPlay" */ = {
			isa = XCConfigurationList;
			buildConfigurations = (
				3E5C41CC295B85F0009B9699 /* Debug */,
				3E5C41CD295B85F0009B9699 /* Release */,
			);
			defaultConfigurationIsVisible = 0;
			defaultConfigurationName = Release;
		};
		3E5C41CE295B85F0009B9699 /* Build configuration list for PBXNativeTarget "SinkPlay" */ = {
			isa = XCConfigurationList;
			buildConfigurations = (
				3E5C41CF295B85F0009B9699 /* Debug */,
				3E5C41D0295B85F0009B9699 /* Release */,
			);
			defaultConfigurationIsVisible = 0;
			defaultConfigurationName = Release;
		};
/* End XCConfigurationList section */

/* Begin XCRemoteSwiftPackageReference section */
		3E5C41D6295F3E6B009B9699 /* XCRemoteSwiftPackageReference "swift-nio" */ = {
			isa = XCRemoteSwiftPackageReference;
			repositoryURL = "https://github.com/apple/swift-nio.git";
			requirement = {
				kind = upToNextMajorVersion;
				minimumVersion = 2.0.0;
			};
		};
/* End XCRemoteSwiftPackageReference section */

/* Begin XCSwiftPackageProductDependency section */
		3E5C41D7295F3E6B009B9699 /* NIO */ = {
			isa = XCSwiftPackageProductDependency;
			package = 3E5C41D6295F3E6B009B9699 /* XCRemoteSwiftPackageReference "swift-nio" */;
			productName = NIO;
		};
/* End XCSwiftPackageProductDependency section */
	};
	rootObject = 3E5C41B7295B85EF009B9699 /* Project object */;
}
